
Microsoft Visual Studio Solution File, Format Version 12.00
# Visual Studio Version 16
VisualStudioVersion = 16.0.31129.286
MinimumVisualStudioVersion = 10.0.40219.1
Project("{FAE04EC0-301F-11D3-BF4B-00C04F79EFBC}") = "TestProjectSauceLab", "TestProjectSauceLab.csproj", "{8AC41B97-D43B-4E0D-B734-40AD290ED4DF}"
EndProject
Global
	GlobalSection(SolutionConfigurationPlatforms) = preSolution
		Debug|Any CPU = Debug|Any CPU
		Release|Any CPU = Release|Any CPU
	EndGlobalSection
	GlobalSection(ProjectConfigurationPlatforms) = postSolution
		{8AC41B97-D43B-4E0D-B734-40AD290ED4DF}.Debug|Any CPU.ActiveCfg = Debug|Any CPU
		{8AC41B97-D43B-4E0D-B734-40AD290ED4DF}.Debug|Any CPU.Build.0 = Debug|Any CPU
		{8AC41B97-D43B-4E0D-B734-40AD290ED4DF}.Release|Any CPU.ActiveCfg = Release|Any CPU
		{8AC41B97-D43B-4E0D-B734-40AD290ED4DF}.Release|Any CPU.Build.0 = Release|Any CPU
	EndGlobalSection
	GlobalSection(SolutionProperties) = preSolution
		HideSolutionNode = FALSE
	EndGlobalSection
	GlobalSection(ExtensibilityGlobals) = postSolution
		SolutionGuid = {E25F0CF0-5DFF-487C-BC33-631D50039296}
	EndGlobalSection
EndGlobal
